
Microsoft Visual Studio Solution File, Format Version 12.00
# Visual Studio Version 17
VisualStudioVersion = 17.3.32929.385
MinimumVisualStudioVersion = 10.0.40219.1
Project("{9A19103F-16F7-4668-BE54-9A1E7A4F7556}") = "FolderFilter", "FolderFilter\FolderFilter.csproj", "{BC94580C-2EE0-430E-A08C-741CF73C558E}"
EndProject
Project("{FAE04EC0-301F-11D3-BF4B-00C04F79EFBC}") = "ConsoleWorkout", "ConsoleWorkout\ConsoleWorkout.csproj", "{F8D906F3-DB2A-4CEB-AE51-62964BB956D2}"
EndProject
Global
	GlobalSection(SolutionConfigurationPlatforms) = preSolution
		Debug|Any CPU = Debug|Any CPU
		Release|Any CPU = Release|Any CPU
	EndGlobalSection
	GlobalSection(ProjectConfigurationPlatforms) = postSolution
		{BC94580C-2EE0-430E-A08C-741CF73C558E}.Debug|Any CPU.ActiveCfg = Debug|Any CPU
		{BC94580C-2EE0-430E-A08C-741CF73C558E}.Debug|Any CPU.Build.0 = Debug|Any CPU
		{BC94580C-2EE0-430E-A08C-741CF73C558E}.Release|Any CPU.ActiveCfg = Release|Any CPU
		{BC94580C-2EE0-430E-A08C-741CF73C558E}.Release|Any CPU.Build.0 = Release|Any CPU
		{F8D906F3-DB2A-4CEB-AE51-62964BB956D2}.Debug|Any CPU.ActiveCfg = Debug|Any CPU
		{F8D906F3-DB2A-4CEB-AE51-62964BB956D2}.Debug|Any CPU.Build.0 = Debug|Any CPU
		{F8D906F3-DB2A-4CEB-AE51-62964BB956D2}.Release|Any CPU.ActiveCfg = Release|Any CPU
		{F8D906F3-DB2A-4CEB-AE51-62964BB956D2}.Release|Any CPU.Build.0 = Release|Any CPU
	EndGlobalSection
	GlobalSection(SolutionProperties) = preSolution
		HideSolutionNode = FALSE
	EndGlobalSection
	GlobalSection(ExtensibilityGlobals) = postSolution
		SolutionGuid = {0223A255-B175-4BD1-88FB-D2EDCE0FBC08}
	EndGlobalSection
EndGlobal
